// !$*UTF8*$!
{
	archiveVersion = 1;
	classes = {
	};
	objectVersion = 46;
	objects = {

/* Begin PBXBuildFile section */
		193B7DD61A169FD000DE8F03 /* GoogleMapsDemo.xcdatamodeld in Sources */ = {isa = PBXBuildFile; fileRef = 193B7DD41A169FD000DE8F03 /* GoogleMapsDemo.xcdatamodeld */; };
		193B7DD81A1A95B700DE8F03 /* gPin.jpeg in Resources */ = {isa = PBXBuildFile; fileRef = 193B7DD71A1A95B700DE8F03 /* gPin.jpeg */; };
		193B7DDA1A1A967900DE8F03 /* gPin2.png in Resources */ = {isa = PBXBuildFile; fileRef = 193B7DD91A1A967900DE8F03 /* gPin2.png */; };
		193B7DDC1A1A96E900DE8F03 /* gHeart.png in Resources */ = {isa = PBXBuildFile; fileRef = 193B7DDB1A1A96E900DE8F03 /* gHeart.png */; };
		1946739B1A0D39200079D686 /* GoogleMaps.framework in Frameworks */ = {isa = PBXBuildFile; fileRef = 1946739A1A0D39200079D686 /* GoogleMaps.framework */; };
		1946739E1A0D3A7A0079D686 /* PinDetailsVC.m in Sources */ = {isa = PBXBuildFile; fileRef = 1946739D1A0D3A7A0079D686 /* PinDetailsVC.m */; };
		1958804B1A1BD3F000F890FD /* MessageUI.framework in Frameworks */ = {isa = PBXBuildFile; fileRef = 1958804A1A1BD3F000F890FD /* MessageUI.framework */; };
		1959C1D61A1D3DAA00873FF9 /* FacebookSDK.framework in Frameworks */ = {isa = PBXBuildFile; fileRef = 1959C1D41A1D3DAA00873FF9 /* FacebookSDK.framework */; };
		198D165319F1914000F35825 /* main.m in Sources */ = {isa = PBXBuildFile; fileRef = 198D165219F1914000F35825 /* main.m */; };
		198D165619F1914000F35825 /* AppDelegate.m in Sources */ = {isa = PBXBuildFile; fileRef = 198D165519F1914000F35825 /* AppDelegate.m */; };
		198D165C19F1914000F35825 /* CityMapVC.m in Sources */ = {isa = PBXBuildFile; fileRef = 198D165B19F1914000F35825 /* CityMapVC.m */; };
		198D165F19F1914000F35825 /* Main.storyboard in Resources */ = {isa = PBXBuildFile; fileRef = 198D165D19F1914000F35825 /* Main.storyboard */; };
		198D166119F1914000F35825 /* Images.xcassets in Resources */ = {isa = PBXBuildFile; fileRef = 198D166019F1914000F35825 /* Images.xcassets */; };
		198D166419F1914000F35825 /* LaunchScreen.xib in Resources */ = {isa = PBXBuildFile; fileRef = 198D166219F1914000F35825 /* LaunchScreen.xib */; };
		198D167D19F1944100F35825 /* AVFoundation.framework in Frameworks */ = {isa = PBXBuildFile; fileRef = 198D167C19F1944100F35825 /* AVFoundation.framework */; };
		198D167F19F1944B00F35825 /* CoreData.framework in Frameworks */ = {isa = PBXBuildFile; fileRef = 198D167E19F1944B00F35825 /* CoreData.framework */; };
		198D168119F1944F00F35825 /* CoreLocation.framework in Frameworks */ = {isa = PBXBuildFile; fileRef = 198D168019F1944F00F35825 /* CoreLocation.framework */; };
		198D168319F1945700F35825 /* CoreText.framework in Frameworks */ = {isa = PBXBuildFile; fileRef = 198D168219F1945700F35825 /* CoreText.framework */; };
		198D168519F1945C00F35825 /* GLKit.framework in Frameworks */ = {isa = PBXBuildFile; fileRef = 198D168419F1945C00F35825 /* GLKit.framework */; };
		198D168719F1946800F35825 /* ImageIO.framework in Frameworks */ = {isa = PBXBuildFile; fileRef = 198D168619F1946800F35825 /* ImageIO.framework */; };
		198D168919F1947500F35825 /* libc++.dylib in Frameworks */ = {isa = PBXBuildFile; fileRef = 198D168819F1947500F35825 /* libc++.dylib */; };
		198D168B19F1948600F35825 /* libicucore.dylib in Frameworks */ = {isa = PBXBuildFile; fileRef = 198D168A19F1948600F35825 /* libicucore.dylib */; };
		198D168D19F1949000F35825 /* libz.dylib in Frameworks */ = {isa = PBXBuildFile; fileRef = 198D168C19F1949000F35825 /* libz.dylib */; };
		198D168F19F1949C00F35825 /* OpenGLES.framework in Frameworks */ = {isa = PBXBuildFile; fileRef = 198D168E19F1949C00F35825 /* OpenGLES.framework */; };
		198D169119F194A900F35825 /* QuartzCore.framework in Frameworks */ = {isa = PBXBuildFile; fileRef = 198D169019F194A900F35825 /* QuartzCore.framework */; };
		198D169319F194B200F35825 /* SystemConfiguration.framework in Frameworks */ = {isa = PBXBuildFile; fileRef = 198D169219F194B200F35825 /* SystemConfiguration.framework */; };
		198D169719F1995100F35825 /* GoogleMaps.bundle in Resources */ = {isa = PBXBuildFile; fileRef = 198D169619F1995100F35825 /* GoogleMaps.bundle */; };
		19B0E5101A02997B00FEC9D2 /* GlobalData.m in Sources */ = {isa = PBXBuildFile; fileRef = 19B0E50F1A02997B00FEC9D2 /* GlobalData.m */; };
		19B0E5131A03CB5200FEC9D2 /* MyPin.m in Sources */ = {isa = PBXBuildFile; fileRef = 19B0E5121A03CB5200FEC9D2 /* MyPin.m */; };
		19B0E5161A03E80B00FEC9D2 /* SavedPinsTVC.m in Sources */ = {isa = PBXBuildFile; fileRef = 19B0E5151A03E80B00FEC9D2 /* SavedPinsTVC.m */; };
		19C113D61A23C6D800912D2D /* Social.framework in Frameworks */ = {isa = PBXBuildFile; fileRef = 19C113D51A23C6D800912D2D /* Social.framework */; };
/* End PBXBuildFile section */

/* Begin PBXCopyFilesBuildPhase section */
		19F2F8C31A1CFF1B007482A0 /* Embed App Extensions */ = {
			isa = PBXCopyFilesBuildPhase;
			buildActionMask = 2147483647;
			dstPath = "";
			dstSubfolderSpec = 13;
			files = (
			);
			name = "Embed App Extensions";
			runOnlyForDeploymentPostprocessing = 0;
		};
/* End PBXCopyFilesBuildPhase section */

/* Begin PBXFileReference section */
		193B7DD51A169FD000DE8F03 /* GoogleMapsDemo.xcdatamodel */ = {isa = PBXFileReference; lastKnownFileType = wrapper.xcdatamodel; path = GoogleMapsDemo.xcdatamodel; sourceTree = "<group>"; };
		193B7DD71A1A95B700DE8F03 /* gPin.jpeg */ = {isa = PBXFileReference; lastKnownFileType = image.jpeg; path = gPin.jpeg; sourceTree = "<group>"; };
		193B7DD91A1A967900DE8F03 /* gPin2.png */ = {isa = PBXFileReference; lastKnownFileType = image.png; path = gPin2.png; sourceTree = "<group>"; };
		193B7DDB1A1A96E900DE8F03 /* gHeart.png */ = {isa = PBXFileReference; lastKnownFileType = image.png; path = gHeart.png; sourceTree = "<group>"; };
		1946739A1A0D39200079D686 /* GoogleMaps.framework */ = {isa = PBXFileReference; lastKnownFileType = wrapper.framework; path = GoogleMaps.framework; sourceTree = "<group>"; };
		1946739C1A0D3A7A0079D686 /* PinDetailsVC.h */ = {isa = PBXFileReference; fileEncoding = 4; lastKnownFileType = sourcecode.c.h; path = PinDetailsVC.h; sourceTree = "<group>"; };
		1946739D1A0D3A7A0079D686 /* PinDetailsVC.m */ = {isa = PBXFileReference; fileEncoding = 4; lastKnownFileType = sourcecode.c.objc; path = PinDetailsVC.m; sourceTree = "<group>"; };
		1958804A1A1BD3F000F890FD /* MessageUI.framework */ = {isa = PBXFileReference; lastKnownFileType = wrapper.framework; name = MessageUI.framework; path = System/Library/Frameworks/MessageUI.framework; sourceTree = SDKROOT; };
		1959C1D31A1D3DAA00873FF9 /* Bolts.framework */ = {isa = PBXFileReference; lastKnownFileType = wrapper.framework; name = Bolts.framework; path = ../../../FacebookSDK/Bolts.framework; sourceTree = "<group>"; };
		1959C1D41A1D3DAA00873FF9 /* FacebookSDK.framework */ = {isa = PBXFileReference; lastKnownFileType = wrapper.framework; name = FacebookSDK.framework; path = ../../../FacebookSDK/FacebookSDK.framework; sourceTree = "<group>"; };
		1959C1D71A1E5FEF00873FF9 /* Twitter.framework */ = {isa = PBXFileReference; lastKnownFileType = wrapper.framework; name = Twitter.framework; path = System/Library/Frameworks/Twitter.framework; sourceTree = SDKROOT; };
		198D164D19F1914000F35825 /* MyFavPins.app */ = {isa = PBXFileReference; explicitFileType = wrapper.application; includeInIndex = 0; path = MyFavPins.app; sourceTree = BUILT_PRODUCTS_DIR; };
		198D165119F1914000F35825 /* Info.plist */ = {isa = PBXFileReference; lastKnownFileType = text.plist.xml; path = Info.plist; sourceTree = "<group>"; };
		198D165219F1914000F35825 /* main.m */ = {isa = PBXFileReference; lastKnownFileType = sourcecode.c.objc; path = main.m; sourceTree = "<group>"; };
		198D165419F1914000F35825 /* AppDelegate.h */ = {isa = PBXFileReference; lastKnownFileType = sourcecode.c.h; path = AppDelegate.h; sourceTree = "<group>"; };
		198D165519F1914000F35825 /* AppDelegate.m */ = {isa = PBXFileReference; lastKnownFileType = sourcecode.c.objc; path = AppDelegate.m; sourceTree = "<group>"; };
		198D165A19F1914000F35825 /* CityMapVC.h */ = {isa = PBXFileReference; lastKnownFileType = sourcecode.c.h; path = CityMapVC.h; sourceTree = "<group>"; };
		198D165B19F1914000F35825 /* CityMapVC.m */ = {isa = PBXFileReference; lastKnownFileType = sourcecode.c.objc; path = CityMapVC.m; sourceTree = "<group>"; };
		198D165E19F1914000F35825 /* Base */ = {isa = PBXFileReference; lastKnownFileType = file.storyboard; name = Base; path = Base.lproj/Main.storyboard; sourceTree = "<group>"; };
		198D166019F1914000F35825 /* Images.xcassets */ = {isa = PBXFileReference; lastKnownFileType = folder.assetcatalog; path = Images.xcassets; sourceTree = "<group>"; };
		198D166319F1914000F35825 /* Base */ = {isa = PBXFileReference; lastKnownFileType = file.xib; name = Base; path = Base.lproj/LaunchScreen.xib; sourceTree = "<group>"; };
		198D167C19F1944100F35825 /* AVFoundation.framework */ = {isa = PBXFileReference; lastKnownFileType = wrapper.framework; name = AVFoundation.framework; path = System/Library/Frameworks/AVFoundation.framework; sourceTree = SDKROOT; };
		198D167E19F1944B00F35825 /* CoreData.framework */ = {isa = PBXFileReference; lastKnownFileType = wrapper.framework; name = CoreData.framework; path = System/Library/Frameworks/CoreData.framework; sourceTree = SDKROOT; };
		198D168019F1944F00F35825 /* CoreLocation.framework */ = {isa = PBXFileReference; lastKnownFileType = wrapper.framework; name = CoreLocation.framework; path = System/Library/Frameworks/CoreLocation.framework; sourceTree = SDKROOT; };
		198D168219F1945700F35825 /* CoreText.framework */ = {isa = PBXFileReference; lastKnownFileType = wrapper.framework; name = CoreText.framework; path = System/Library/Frameworks/CoreText.framework; sourceTree = SDKROOT; };
		198D168419F1945C00F35825 /* GLKit.framework */ = {isa = PBXFileReference; lastKnownFileType = wrapper.framework; name = GLKit.framework; path = System/Library/Frameworks/GLKit.framework; sourceTree = SDKROOT; };
		198D168619F1946800F35825 /* ImageIO.framework */ = {isa = PBXFileReference; lastKnownFileType = wrapper.framework; name = ImageIO.framework; path = System/Library/Frameworks/ImageIO.framework; sourceTree = SDKROOT; };
		198D168819F1947500F35825 /* libc++.dylib */ = {isa = PBXFileReference; lastKnownFileType = "compiled.mach-o.dylib"; name = "libc++.dylib"; path = "usr/lib/libc++.dylib"; sourceTree = SDKROOT; };
		198D168A19F1948600F35825 /* libicucore.dylib */ = {isa = PBXFileReference; lastKnownFileType = "compiled.mach-o.dylib"; name = libicucore.dylib; path = usr/lib/libicucore.dylib; sourceTree = SDKROOT; };
		198D168C19F1949000F35825 /* libz.dylib */ = {isa = PBXFileReference; lastKnownFileType = "compiled.mach-o.dylib"; name = libz.dylib; path = usr/lib/libz.dylib; sourceTree = SDKROOT; };
		198D168E19F1949C00F35825 /* OpenGLES.framework */ = {isa = PBXFileReference; lastKnownFileType = wrapper.framework; name = OpenGLES.framework; path = System/Library/Frameworks/OpenGLES.framework; sourceTree = SDKROOT; };
		198D169019F194A900F35825 /* QuartzCore.framework */ = {isa = PBXFileReference; lastKnownFileType = wrapper.framework; name = QuartzCore.framework; path = System/Library/Frameworks/QuartzCore.framework; sourceTree = SDKROOT; };
		198D169219F194B200F35825 /* SystemConfiguration.framework */ = {isa = PBXFileReference; lastKnownFileType = wrapper.framework; name = SystemConfiguration.framework; path = System/Library/Frameworks/SystemConfiguration.framework; sourceTree = SDKROOT; };
		198D169419F1990E00F35825 /* GoogleMaps.framework */ = {isa = PBXFileReference; lastKnownFileType = wrapper.framework; path = GoogleMaps.framework; sourceTree = "<group>"; };
		198D169619F1995100F35825 /* GoogleMaps.bundle */ = {isa = PBXFileReference; lastKnownFileType = "wrapper.plug-in"; name = GoogleMaps.bundle; path = GoogleMaps.framework/Versions/A/Resources/GoogleMaps.bundle; sourceTree = "<group>"; };
		19B0E50E1A02997B00FEC9D2 /* GlobalData.h */ = {isa = PBXFileReference; fileEncoding = 4; lastKnownFileType = sourcecode.c.h; path = GlobalData.h; sourceTree = "<group>"; };
		19B0E50F1A02997B00FEC9D2 /* GlobalData.m */ = {isa = PBXFileReference; fileEncoding = 4; lastKnownFileType = sourcecode.c.objc; path = GlobalData.m; sourceTree = "<group>"; };
		19B0E5111A03CB5200FEC9D2 /* MyPin.h */ = {isa = PBXFileReference; fileEncoding = 4; lastKnownFileType = sourcecode.c.h; path = MyPin.h; sourceTree = "<group>"; };
		19B0E5121A03CB5200FEC9D2 /* MyPin.m */ = {isa = PBXFileReference; fileEncoding = 4; lastKnownFileType = sourcecode.c.objc; path = MyPin.m; sourceTree = "<group>"; };
		19B0E5141A03E80B00FEC9D2 /* SavedPinsTVC.h */ = {isa = PBXFileReference; fileEncoding = 4; lastKnownFileType = sourcecode.c.h; path = SavedPinsTVC.h; sourceTree = "<group>"; };
		19B0E5151A03E80B00FEC9D2 /* SavedPinsTVC.m */ = {isa = PBXFileReference; fileEncoding = 4; lastKnownFileType = sourcecode.c.objc; path = SavedPinsTVC.m; sourceTree = "<group>"; };
		19C113D51A23C6D800912D2D /* Social.framework */ = {isa = PBXFileReference; lastKnownFileType = wrapper.framework; name = Social.framework; path = System/Library/Frameworks/Social.framework; sourceTree = SDKROOT; };
		19F2F8A61A1CFF1B007482A0 /* WatchKit.framework */ = {isa = PBXFileReference; lastKnownFileType = wrapper.framework; name = WatchKit.framework; path = System/Library/Frameworks/WatchKit.framework; sourceTree = SDKROOT; };
/* End PBXFileReference section */

/* Begin PBXFrameworksBuildPhase section */
		198D164A19F1913F00F35825 /* Frameworks */ = {
			isa = PBXFrameworksBuildPhase;
			buildActionMask = 2147483647;
			files = (
				19C113D61A23C6D800912D2D /* Social.framework in Frameworks */,
				1959C1D61A1D3DAA00873FF9 /* FacebookSDK.framework in Frameworks */,
				1958804B1A1BD3F000F890FD /* MessageUI.framework in Frameworks */,
				198D169319F194B200F35825 /* SystemConfiguration.framework in Frameworks */,
				198D169119F194A900F35825 /* QuartzCore.framework in Frameworks */,
				198D168F19F1949C00F35825 /* OpenGLES.framework in Frameworks */,
				198D168D19F1949000F35825 /* libz.dylib in Frameworks */,
				198D168B19F1948600F35825 /* libicucore.dylib in Frameworks */,
				198D168919F1947500F35825 /* libc++.dylib in Frameworks */,
				198D168719F1946800F35825 /* ImageIO.framework in Frameworks */,
				198D168519F1945C00F35825 /* GLKit.framework in Frameworks */,
				1946739B1A0D39200079D686 /* GoogleMaps.framework in Frameworks */,
				198D168319F1945700F35825 /* CoreText.framework in Frameworks */,
				198D168119F1944F00F35825 /* CoreLocation.framework in Frameworks */,
				198D167F19F1944B00F35825 /* CoreData.framework in Frameworks */,
				198D167D19F1944100F35825 /* AVFoundation.framework in Frameworks */,
			);
			runOnlyForDeploymentPostprocessing = 0;
		};
/* End PBXFrameworksBuildPhase section */

/* Begin PBXGroup section */
		198D164419F1913F00F35825 = {
			isa = PBXGroup;
			children = (
				198D164F19F1914000F35825 /* MyFavPins */,
				198D164E19F1914000F35825 /* Products */,
				198D167B19F1939000F35825 /* Frameworks */,
			);
			sourceTree = "<group>";
		};
		198D164E19F1914000F35825 /* Products */ = {
			isa = PBXGroup;
			children = (
				198D164D19F1914000F35825 /* MyFavPins.app */,
			);
			name = Products;
			sourceTree = "<group>";
		};
		198D164F19F1914000F35825 /* MyFavPins */ = {
			isa = PBXGroup;
			children = (
				198D165419F1914000F35825 /* AppDelegate.h */,
				198D165519F1914000F35825 /* AppDelegate.m */,
				198D165A19F1914000F35825 /* CityMapVC.h */,
				198D165B19F1914000F35825 /* CityMapVC.m */,
				198D165D19F1914000F35825 /* Main.storyboard */,
				198D166019F1914000F35825 /* Images.xcassets */,
				198D166219F1914000F35825 /* LaunchScreen.xib */,
				198D165019F1914000F35825 /* Supporting Files */,
				19B0E50E1A02997B00FEC9D2 /* GlobalData.h */,
				19B0E50F1A02997B00FEC9D2 /* GlobalData.m */,
				19B0E5111A03CB5200FEC9D2 /* MyPin.h */,
				19B0E5121A03CB5200FEC9D2 /* MyPin.m */,
				19B0E5141A03E80B00FEC9D2 /* SavedPinsTVC.h */,
				19B0E5151A03E80B00FEC9D2 /* SavedPinsTVC.m */,
				1946739C1A0D3A7A0079D686 /* PinDetailsVC.h */,
				1946739D1A0D3A7A0079D686 /* PinDetailsVC.m */,
				193B7DD41A169FD000DE8F03 /* GoogleMapsDemo.xcdatamodeld */,
			);
			name = MyFavPins;
			path = GoogleMapsDemo;
			sourceTree = "<group>";
		};
		198D165019F1914000F35825 /* Supporting Files */ = {
			isa = PBXGroup;
			children = (
				193B7DD91A1A967900DE8F03 /* gPin2.png */,
				193B7DDB1A1A96E900DE8F03 /* gHeart.png */,
				193B7DD71A1A95B700DE8F03 /* gPin.jpeg */,
				198D165119F1914000F35825 /* Info.plist */,
				198D165219F1914000F35825 /* main.m */,
			);
			name = "Supporting Files";
			sourceTree = "<group>";
		};
		198D167B19F1939000F35825 /* Frameworks */ = {
			isa = PBXGroup;
			children = (
				19C113D51A23C6D800912D2D /* Social.framework */,
				1959C1D71A1E5FEF00873FF9 /* Twitter.framework */,
				1959C1D31A1D3DAA00873FF9 /* Bolts.framework */,
				1959C1D41A1D3DAA00873FF9 /* FacebookSDK.framework */,
				1958804A1A1BD3F000F890FD /* MessageUI.framework */,
				1946739A1A0D39200079D686 /* GoogleMaps.framework */,
				198D169619F1995100F35825 /* GoogleMaps.bundle */,
				198D169419F1990E00F35825 /* GoogleMaps.framework */,
				198D169219F194B200F35825 /* SystemConfiguration.framework */,
				198D169019F194A900F35825 /* QuartzCore.framework */,
				198D168E19F1949C00F35825 /* OpenGLES.framework */,
				198D168C19F1949000F35825 /* libz.dylib */,
				198D168A19F1948600F35825 /* libicucore.dylib */,
				198D168819F1947500F35825 /* libc++.dylib */,
				198D168619F1946800F35825 /* ImageIO.framework */,
				198D168419F1945C00F35825 /* GLKit.framework */,
				198D168219F1945700F35825 /* CoreText.framework */,
				198D168019F1944F00F35825 /* CoreLocation.framework */,
				198D167E19F1944B00F35825 /* CoreData.framework */,
				198D167C19F1944100F35825 /* AVFoundation.framework */,
				19F2F8A61A1CFF1B007482A0 /* WatchKit.framework */,
			);
			name = Frameworks;
			sourceTree = "<group>";
		};
/* End PBXGroup section */

/* Begin PBXNativeTarget section */
		198D164C19F1913F00F35825 /* MyFavPins */ = {
			isa = PBXNativeTarget;
			buildConfigurationList = 198D167319F1914000F35825 /* Build configuration list for PBXNativeTarget "MyFavPins" */;
			buildPhases = (
				198D164919F1913F00F35825 /* Sources */,
				198D164A19F1913F00F35825 /* Frameworks */,
				198D164B19F1913F00F35825 /* Resources */,
				19F2F8C31A1CFF1B007482A0 /* Embed App Extensions */,
			);
			buildRules = (
			);
			dependencies = (
			);
			name = MyFavPins;
			productName = GoogleMapsDemo;
			productReference = 198D164D19F1914000F35825 /* MyFavPins.app */;
			productType = "com.apple.product-type.application";
		};
/* End PBXNativeTarget section */

/* Begin PBXProject section */
		198D164519F1913F00F35825 /* Project object */ = {
			isa = PBXProject;
			attributes = {
				LastUpgradeCheck = 0610;
				ORGANIZATIONNAME = "Akshay Bharath";
				TargetAttributes = {
					198D164C19F1913F00F35825 = {
						CreatedOnToolsVersion = 6.0.1;
						DevelopmentTeam = VRYW4TD62Q;
					};
				};
			};
			buildConfigurationList = 198D164819F1913F00F35825 /* Build configuration list for PBXProject "MyFavPins" */;
			compatibilityVersion = "Xcode 3.2";
			developmentRegion = English;
			hasScannedForEncodings = 0;
			knownRegions = (
				en,
				Base,
			);
			mainGroup = 198D164419F1913F00F35825;
			productRefGroup = 198D164E19F1914000F35825 /* Products */;
			projectDirPath = "";
			projectRoot = "";
			targets = (
				198D164C19F1913F00F35825 /* MyFavPins */,
			);
		};
/* End PBXProject section */

/* Begin PBXResourcesBuildPhase section */
		198D164B19F1913F00F35825 /* Resources */ = {
			isa = PBXResourcesBuildPhase;
			buildActionMask = 2147483647;
			files = (
				198D165F19F1914000F35825 /* Main.storyboard in Resources */,
				198D166419F1914000F35825 /* LaunchScreen.xib in Resources */,
				193B7DD81A1A95B700DE8F03 /* gPin.jpeg in Resources */,
				198D166119F1914000F35825 /* Images.xcassets in Resources */,
				193B7DDA1A1A967900DE8F03 /* gPin2.png in Resources */,
				193B7DDC1A1A96E900DE8F03 /* gHeart.png in Resources */,
				198D169719F1995100F35825 /* GoogleMaps.bundle in Resources */,
			);
			runOnlyForDeploymentPostprocessing = 0;
		};
/* End PBXResourcesBuildPhase section */

/* Begin PBXSourcesBuildPhase section */
		198D164919F1913F00F35825 /* Sources */ = {
			isa = PBXSourcesBuildPhase;
			buildActionMask = 2147483647;
			files = (
				19B0E5161A03E80B00FEC9D2 /* SavedPinsTVC.m in Sources */,
				19B0E5131A03CB5200FEC9D2 /* MyPin.m in Sources */,
				193B7DD61A169FD000DE8F03 /* GoogleMapsDemo.xcdatamodeld in Sources */,
				19B0E5101A02997B00FEC9D2 /* GlobalData.m in Sources */,
				198D165619F1914000F35825 /* AppDelegate.m in Sources */,
				198D165C19F1914000F35825 /* CityMapVC.m in Sources */,
				198D165319F1914000F35825 /* main.m in Sources */,
				1946739E1A0D3A7A0079D686 /* PinDetailsVC.m in Sources */,
			);
			runOnlyForDeploymentPostprocessing = 0;
		};
/* End PBXSourcesBuildPhase section */

/* Begin PBXVariantGroup section */
		198D165D19F1914000F35825 /* Main.storyboard */ = {
			isa = PBXVariantGroup;
			children = (
				198D165E19F1914000F35825 /* Base */,
			);
			name = Main.storyboard;
			sourceTree = "<group>";
		};
		198D166219F1914000F35825 /* LaunchScreen.xib */ = {
			isa = PBXVariantGroup;
			children = (
				198D166319F1914000F35825 /* Base */,
			);
			name = LaunchScreen.xib;
			sourceTree = "<group>";
		};
/* End PBXVariantGroup section */

/* Begin XCBuildConfiguration section */
		198D167119F1914000F35825 /* Debug */ = {
			isa = XCBuildConfiguration;
			buildSettings = {
				ALWAYS_SEARCH_USER_PATHS = NO;
				CLANG_CXX_LANGUAGE_STANDARD = "gnu++0x";
				CLANG_CXX_LIBRARY = "libc++";
				CLANG_ENABLE_MODULES = YES;
				CLANG_ENABLE_OBJC_ARC = YES;
				CLANG_WARN_BOOL_CONVERSION = YES;
				CLANG_WARN_CONSTANT_CONVERSION = YES;
				CLANG_WARN_DIRECT_OBJC_ISA_USAGE = YES_ERROR;
				CLANG_WARN_EMPTY_BODY = YES;
				CLANG_WARN_ENUM_CONVERSION = YES;
				CLANG_WARN_INT_CONVERSION = YES;
				CLANG_WARN_OBJC_ROOT_CLASS = YES_ERROR;
				CLANG_WARN_UNREACHABLE_CODE = YES;
				CLANG_WARN__DUPLICATE_METHOD_MATCH = YES;
				"CODE_SIGN_IDENTITY[sdk=iphoneos*]" = "iPhone Developer";
				COPY_PHASE_STRIP = NO;
				ENABLE_STRICT_OBJC_MSGSEND = YES;
				GCC_C_LANGUAGE_STANDARD = gnu99;
				GCC_DYNAMIC_NO_PIC = NO;
				GCC_OPTIMIZATION_LEVEL = 0;
				GCC_PREPROCESSOR_DEFINITIONS = (
					"DEBUG=1",
					"$(inherited)",
				);
				GCC_SYMBOLS_PRIVATE_EXTERN = NO;
				GCC_WARN_64_TO_32_BIT_CONVERSION = YES;
				GCC_WARN_ABOUT_RETURN_TYPE = YES_ERROR;
				GCC_WARN_UNDECLARED_SELECTOR = YES;
				GCC_WARN_UNINITIALIZED_AUTOS = YES_AGGRESSIVE;
				GCC_WARN_UNUSED_FUNCTION = YES;
				GCC_WARN_UNUSED_VARIABLE = YES;
				IPHONEOS_DEPLOYMENT_TARGET = 8.1;
				MTL_ENABLE_DEBUG_INFO = YES;
				ONLY_ACTIVE_ARCH = YES;
				SDKROOT = iphoneos;
			};
			name = Debug;
		};
		198D167219F1914000F35825 /* Release */ = {
			isa = XCBuildConfiguration;
			buildSettings = {
				ALWAYS_SEARCH_USER_PATHS = NO;
				CLANG_CXX_LANGUAGE_STANDARD = "gnu++0x";
				CLANG_CXX_LIBRARY = "libc++";
				CLANG_ENABLE_MODULES = YES;
				CLANG_ENABLE_OBJC_ARC = YES;
				CLANG_WARN_BOOL_CONVERSION = YES;
				CLANG_WARN_CONSTANT_CONVERSION = YES;
				CLANG_WARN_DIRECT_OBJC_ISA_USAGE = YES_ERROR;
				CLANG_WARN_EMPTY_BODY = YES;
				CLANG_WARN_ENUM_CONVERSION = YES;
				CLANG_WARN_INT_CONVERSION = YES;
				CLANG_WARN_OBJC_ROOT_CLASS = YES_ERROR;
				CLANG_WARN_UNREACHABLE_CODE = YES;
				CLANG_WARN__DUPLICATE_METHOD_MATCH = YES;
				"CODE_SIGN_IDENTITY[sdk=iphoneos*]" = "iPhone Developer";
				COPY_PHASE_STRIP = YES;
				ENABLE_NS_ASSERTIONS = NO;
				ENABLE_STRICT_OBJC_MSGSEND = YES;
				GCC_C_LANGUAGE_STANDARD = gnu99;
				GCC_WARN_64_TO_32_BIT_CONVERSION = YES;
				GCC_WARN_ABOUT_RETURN_TYPE = YES_ERROR;
				GCC_WARN_UNDECLARED_SELECTOR = YES;
				GCC_WARN_UNINITIALIZED_AUTOS = YES_AGGRESSIVE;
				GCC_WARN_UNUSED_FUNCTION = YES;
				GCC_WARN_UNUSED_VARIABLE = YES;
				IPHONEOS_DEPLOYMENT_TARGET = 8.1;
				MTL_ENABLE_DEBUG_INFO = NO;
				SDKROOT = iphoneos;
				VALIDATE_PRODUCT = YES;
			};
			name = Release;
		};
		198D167419F1914000F35825 /* Debug */ = {
			isa = XCBuildConfiguration;
			buildSettings = {
				ASSETCATALOG_COMPILER_APPICON_NAME = AppIcon;
				CODE_SIGN_IDENTITY = "iPhone Developer";
				FRAMEWORK_SEARCH_PATHS = (
					"$(inherited)",
					"$(PROJECT_DIR)/GoogleMapsDemo",
					"$(PROJECT_DIR)",
					/Users/akshaybharath/Documents/FacebookSDK,
				);
				INFOPLIST_FILE = GoogleMapsDemo/Info.plist;
				IPHONEOS_DEPLOYMENT_TARGET = 8.1;
				LD_RUNPATH_SEARCH_PATHS = "$(inherited) @executable_path/Frameworks";
				OTHER_LDFLAGS = "-ObjC";
				PRODUCT_NAME = MyFavPins;
			};
			name = Debug;
		};
		198D167519F1914000F35825 /* Release */ = {
			isa = XCBuildConfiguration;
			buildSettings = {
				ASSETCATALOG_COMPILER_APPICON_NAME = AppIcon;
				CODE_SIGN_IDENTITY = "iPhone Developer";
				FRAMEWORK_SEARCH_PATHS = (
					"$(inherited)",
					"$(PROJECT_DIR)/GoogleMapsDemo",
					"$(PROJECT_DIR)",
					/Users/akshaybharath/Documents/FacebookSDK,
				);
				INFOPLIST_FILE = GoogleMapsDemo/Info.plist;
				IPHONEOS_DEPLOYMENT_TARGET = 8.1;
				LD_RUNPATH_SEARCH_PATHS = "$(inherited) @executable_path/Frameworks";
				OTHER_LDFLAGS = "-ObjC";
				PRODUCT_NAME = MyFavPins;
			};
			name = Release;
		};
/* End XCBuildConfiguration section */

/* Begin XCConfigurationList section */
		198D164819F1913F00F35825 /* Build configuration list for PBXProject "MyFavPins" */ = {
			isa = XCConfigurationList;
			buildConfigurations = (
				198D167119F1914000F35825 /* Debug */,
				198D167219F1914000F35825 /* Release */,
			);
			defaultConfigurationIsVisible = 0;
			defaultConfigurationName = Release;
		};
		198D167319F1914000F35825 /* Build configuration list for PBXNativeTarget "MyFavPins" */ = {
			isa = XCConfigurationList;
			buildConfigurations = (
				198D167419F1914000F35825 /* Debug */,
				198D167519F1914000F35825 /* Release */,
			);
			defaultConfigurationIsVisible = 0;
			defaultConfigurationName = Release;
		};
/* End XCConfigurationList section */

/* Begin XCVersionGroup section */
		193B7DD41A169FD000DE8F03 /* GoogleMapsDemo.xcdatamodeld */ = {
			isa = XCVersionGroup;
			children = (
				193B7DD51A169FD000DE8F03 /* GoogleMapsDemo.xcdatamodel */,
			);
			currentVersion = 193B7DD51A169FD000DE8F03 /* GoogleMapsDemo.xcdatamodel */;
			path = GoogleMapsDemo.xcdatamodeld;
			sourceTree = "<group>";
			versionGroupType = wrapper.xcdatamodel;
		};
/* End XCVersionGroup section */
	};
	rootObject = 198D164519F1913F00F35825 /* Project object */;
}
